// !$*UTF8*$!
{
	archiveVersion = 1;
	classes = {
	};
	objectVersion = 77;
	objects = {

/* Begin PBXBuildFile section */
		04F81B4F2D29BFFE00D89A8A /* FirebaseAnalytics in Frameworks */ = {isa = PBXBuildFile; productRef = 04F81B4E2D29BFFE00D89A8A /* FirebaseAnalytics */; };
		04F81B522D29CBCC00D89A8A /* FirebaseAuth in Frameworks */ = {isa = PBXBuildFile; productRef = 04F81B512D29CBCC00D89A8A /* FirebaseAuth */; };
/* End PBXBuildFile section */

/* Begin PBXContainerItemProxy section */
		0451B4AA2CF8F10C00B6F948 /* PBXContainerItemProxy */ = {
			isa = PBXContainerItemProxy;
			containerPortal = 0451B4912CF8F10B00B6F948 /* Project object */;
			proxyType = 1;
			remoteGlobalIDString = 0451B4982CF8F10B00B6F948;
			remoteInfo = cshop;
		};
		0451B4B42CF8F10C00B6F948 /* PBXContainerItemProxy */ = {
			isa = PBXContainerItemProxy;
			containerPortal = 0451B4912CF8F10B00B6F948 /* Project object */;
			proxyType = 1;
			remoteGlobalIDString = 0451B4982CF8F10B00B6F948;
			remoteInfo = cshop;
		};
/* End PBXContainerItemProxy section */

/* Begin PBXFileReference section */
		0451B4992CF8F10B00B6F948 /* cshop.app */ = {isa = PBXFileReference; explicitFileType = wrapper.application; includeInIndex = 0; path = cshop.app; sourceTree = BUILT_PRODUCTS_DIR; };
		0451B4A92CF8F10C00B6F948 /* cshopTests.xctest */ = {isa = PBXFileReference; explicitFileType = wrapper.cfbundle; includeInIndex = 0; path = cshopTests.xctest; sourceTree = BUILT_PRODUCTS_DIR; };
		0451B4B32CF8F10C00B6F948 /* cshopUITests.xctest */ = {isa = PBXFileReference; explicitFileType = wrapper.cfbundle; includeInIndex = 0; path = cshopUITests.xctest; sourceTree = BUILT_PRODUCTS_DIR; };
/* End PBXFileReference section */

/* Begin PBXFileSystemSynchronizedRootGroup section */
		0451B49B2CF8F10B00B6F948 /* cshop */ = {
			isa = PBXFileSystemSynchronizedRootGroup;
			path = cshop;
			sourceTree = "<group>";
		};
		0451B4AC2CF8F10C00B6F948 /* cshopTests */ = {
			isa = PBXFileSystemSynchronizedRootGroup;
			path = cshopTests;
			sourceTree = "<group>";
		};
		0451B4B62CF8F10C00B6F948 /* cshopUITests */ = {
			isa = PBXFileSystemSynchronizedRootGroup;
			path = cshopUITests;
			sourceTree = "<group>";
		};
/* End PBXFileSystemSynchronizedRootGroup section */

/* Begin PBXFrameworksBuildPhase section */
		0451B4962CF8F10B00B6F948 /* Frameworks */ = {
			isa = PBXFrameworksBuildPhase;
			buildActionMask = 2147483647;
			files = (
				04F81B4F2D29BFFE00D89A8A /* FirebaseAnalytics in Frameworks */,
				04F81B522D29CBCC00D89A8A /* FirebaseAuth in Frameworks */,
			);
			runOnlyForDeploymentPostprocessing = 0;
		};
		0451B4A62CF8F10C00B6F948 /* Frameworks */ = {
			isa = PBXFrameworksBuildPhase;
			buildActionMask = 2147483647;
			files = (
			);
			runOnlyForDeploymentPostprocessing = 0;
		};
		0451B4B02CF8F10C00B6F948 /* Frameworks */ = {
			isa = PBXFrameworksBuildPhase;
			buildActionMask = 2147483647;
			files = (
			);
			runOnlyForDeploymentPostprocessing = 0;
		};
/* End PBXFrameworksBuildPhase section */

/* Begin PBXGroup section */
		0451B4902CF8F10B00B6F948 = {
			isa = PBXGroup;
			children = (
				0451B49B2CF8F10B00B6F948 /* cshop */,
				0451B4AC2CF8F10C00B6F948 /* cshopTests */,
				0451B4B62CF8F10C00B6F948 /* cshopUITests */,
				04F81B502D29CBCB00D89A8A /* Frameworks */,
				0451B49A2CF8F10B00B6F948 /* Products */,
			);
			sourceTree = "<group>";
		};
		0451B49A2CF8F10B00B6F948 /* Products */ = {
			isa = PBXGroup;
			children = (
				0451B4992CF8F10B00B6F948 /* cshop.app */,
				0451B4A92CF8F10C00B6F948 /* cshopTests.xctest */,
				0451B4B32CF8F10C00B6F948 /* cshopUITests.xctest */,
			);
			name = Products;
			sourceTree = "<group>";
		};
		04F81B502D29CBCB00D89A8A /* Frameworks */ = {
			isa = PBXGroup;
			children = (
			);
			name = Frameworks;
			sourceTree = "<group>";
		};
/* End PBXGroup section */

/* Begin PBXNativeTarget section */
		0451B4982CF8F10B00B6F948 /* cshop */ = {
			isa = PBXNativeTarget;
			buildConfigurationList = 0451B4BD2CF8F10C00B6F948 /* Build configuration list for PBXNativeTarget "cshop" */;
			buildPhases = (
				0451B4952CF8F10B00B6F948 /* Sources */,
				0451B4962CF8F10B00B6F948 /* Frameworks */,
				0451B4972CF8F10B00B6F948 /* Resources */,
			);
			buildRules = (
			);
			dependencies = (
			);
			fileSystemSynchronizedGroups = (
				0451B49B2CF8F10B00B6F948 /* cshop */,
			);
			name = cshop;
			packageProductDependencies = (
				04F81B4E2D29BFFE00D89A8A /* FirebaseAnalytics */,
				04F81B512D29CBCC00D89A8A /* FirebaseAuth */,
			);
			productName = cshop;
			productReference = 0451B4992CF8F10B00B6F948 /* cshop.app */;
			productType = "com.apple.product-type.application";
		};
		0451B4A82CF8F10C00B6F948 /* cshopTests */ = {
			isa = PBXNativeTarget;
			buildConfigurationList = 0451B4C02CF8F10C00B6F948 /* Build configuration list for PBXNativeTarget "cshopTests" */;
			buildPhases = (
				0451B4A52CF8F10C00B6F948 /* Sources */,
				0451B4A62CF8F10C00B6F948 /* Frameworks */,
				0451B4A72CF8F10C00B6F948 /* Resources */,
			);
			buildRules = (
			);
			dependencies = (
				0451B4AB2CF8F10C00B6F948 /* PBXTargetDependency */,
			);
			fileSystemSynchronizedGroups = (
				0451B4AC2CF8F10C00B6F948 /* cshopTests */,
			);
			name = cshopTests;
			packageProductDependencies = (
			);
			productName = cshopTests;
			productReference = 0451B4A92CF8F10C00B6F948 /* cshopTests.xctest */;
			productType = "com.apple.product-type.bundle.unit-test";
		};
		0451B4B22CF8F10C00B6F948 /* cshopUITests */ = {
			isa = PBXNativeTarget;
			buildConfigurationList = 0451B4C32CF8F10C00B6F948 /* Build configuration list for PBXNativeTarget "cshopUITests" */;
			buildPhases = (
				0451B4AF2CF8F10C00B6F948 /* Sources */,
				0451B4B02CF8F10C00B6F948 /* Frameworks */,
				0451B4B12CF8F10C00B6F948 /* Resources */,
			);
			buildRules = (
			);
			dependencies = (
				0451B4B52CF8F10C00B6F948 /* PBXTargetDependency */,
			);
			fileSystemSynchronizedGroups = (
				0451B4B62CF8F10C00B6F948 /* cshopUITests */,
			);
			name = cshopUITests;
			packageProductDependencies = (
			);
			productName = cshopUITests;
			productReference = 0451B4B32CF8F10C00B6F948 /* cshopUITests.xctest */;
			productType = "com.apple.product-type.bundle.ui-testing";
		};
/* End PBXNativeTarget section */

/* Begin PBXProject section */
		0451B4912CF8F10B00B6F948 /* Project object */ = {
			isa = PBXProject;
			attributes = {
				BuildIndependentTargetsInParallel = 1;
				LastSwiftUpdateCheck = 1610;
				LastUpgradeCheck = 1610;
				TargetAttributes = {
					0451B4982CF8F10B00B6F948 = {
						CreatedOnToolsVersion = 16.1;
					};
					0451B4A82CF8F10C00B6F948 = {
						CreatedOnToolsVersion = 16.1;
						TestTargetID = 0451B4982CF8F10B00B6F948;
					};
					0451B4B22CF8F10C00B6F948 = {
						CreatedOnToolsVersion = 16.1;
						TestTargetID = 0451B4982CF8F10B00B6F948;
					};
				};
			};
			buildConfigurationList = 0451B4942CF8F10B00B6F948 /* Build configuration list for PBXProject "cshop" */;
			developmentRegion = en;
			hasScannedForEncodings = 0;
			knownRegions = (
				en,
				Base,
			);
			mainGroup = 0451B4902CF8F10B00B6F948;
			minimizedProjectReferenceProxies = 1;
			packageReferences = (
				04F81B4D2D29BFFE00D89A8A /* XCRemoteSwiftPackageReference "firebase-ios-sdk" */,
			);
			preferredProjectObjectVersion = 77;
			productRefGroup = 0451B49A2CF8F10B00B6F948 /* Products */;
			projectDirPath = "";
			projectRoot = "";
			targets = (
				0451B4982CF8F10B00B6F948 /* cshop */,
				0451B4A82CF8F10C00B6F948 /* cshopTests */,
				0451B4B22CF8F10C00B6F948 /* cshopUITests */,
			);
		};
/* End PBXProject section */

/* Begin PBXResourcesBuildPhase section */
		0451B4972CF8F10B00B6F948 /* Resources */ = {
			isa = PBXResourcesBuildPhase;
			buildActionMask = 2147483647;
			files = (
			);
			runOnlyForDeploymentPostprocessing = 0;
		};
		0451B4A72CF8F10C00B6F948 /* Resources */ = {
			isa = PBXResourcesBuildPhase;
			buildActionMask = 2147483647;
			files = (
			);
			runOnlyForDeploymentPostprocessing = 0;
		};
		0451B4B12CF8F10C00B6F948 /* Resources */ = {
			isa = PBXResourcesBuildPhase;
			buildActionMask = 2147483647;
			files = (
			);
			runOnlyForDeploymentPostprocessing = 0;
		};
/* End PBXResourcesBuildPhase section */

/* Begin PBXSourcesBuildPhase section */
		0451B4952CF8F10B00B6F948 /* Sources */ = {
			isa = PBXSourcesBuildPhase;
			buildActionMask = 2147483647;
			files = (
			);
			runOnlyForDeploymentPostprocessing = 0;
		};
		0451B4A52CF8F10C00B6F948 /* Sources */ = {
			isa = PBXSourcesBuildPhase;
			buildActionMask = 2147483647;
			files = (
			);
			runOnlyForDeploymentPostprocessing = 0;
		};
		0451B4AF2CF8F10C00B6F948 /* Sources */ = {
			isa = PBXSourcesBuildPhase;
			buildActionMask = 2147483647;
			files = (
			);
			runOnlyForDeploymentPostprocessing = 0;
		};
/* End PBXSourcesBuildPhase section */

/* Begin PBXTargetDependency section */
		0451B4AB2CF8F10C00B6F948 /* PBXTargetDependency */ = {
			isa = PBXTargetDependency;
			target = 0451B4982CF8F10B00B6F948 /* cshop */;
			targetProxy = 0451B4AA2CF8F10C00B6F948 /* PBXContainerItemProxy */;
		};
		0451B4B52CF8F10C00B6F948 /* PBXTargetDependency */ = {
			isa = PBXTargetDependency;
			target = 0451B4982CF8F10B00B6F948 /* cshop */;
			targetProxy = 0451B4B42CF8F10C00B6F948 /* PBXContainerItemProxy */;
		};
/* End PBXTargetDependency section */

/* Begin XCBuildConfiguration section */
		0451B4BB2CF8F10C00B6F948 /* Debug */ = {
			isa = XCBuildConfiguration;
			buildSettings = {
				ALWAYS_SEARCH_USER_PATHS = NO;
				ASSETCATALOG_COMPILER_GENERATE_SWIFT_ASSET_SYMBOL_EXTENSIONS = YES;
				CLANG_ANALYZER_NONNULL = YES;
				CLANG_ANALYZER_NUMBER_OBJECT_CONVERSION = YES_AGGRESSIVE;
				CLANG_CXX_LANGUAGE_STANDARD = "gnu++20";
				CLANG_ENABLE_MODULES = YES;
				CLANG_ENABLE_OBJC_ARC = YES;
				CLANG_ENABLE_OBJC_WEAK = YES;
				CLANG_WARN_BLOCK_CAPTURE_AUTORELEASING = YES;
				CLANG_WARN_BOOL_CONVERSION = YES;
				CLANG_WARN_COMMA = YES;
				CLANG_WARN_CONSTANT_CONVERSION = YES;
				CLANG_WARN_DEPRECATED_OBJC_IMPLEMENTATIONS = YES;
				CLANG_WARN_DIRECT_OBJC_ISA_USAGE = YES_ERROR;
				CLANG_WARN_DOCUMENTATION_COMMENTS = YES;
				CLANG_WARN_EMPTY_BODY = YES;
				CLANG_WARN_ENUM_CONVERSION = YES;
				CLANG_WARN_INFINITE_RECURSION = YES;
				CLANG_WARN_INT_CONVERSION = YES;
				CLANG_WARN_NON_LITERAL_NULL_CONVERSION = YES;
				CLANG_WARN_OBJC_IMPLICIT_RETAIN_SELF = YES;
				CLANG_WARN_OBJC_LITERAL_CONVERSION = YES;
				CLANG_WARN_OBJC_ROOT_CLASS = YES_ERROR;
				CLANG_WARN_QUOTED_INCLUDE_IN_FRAMEWORK_HEADER = YES;
				CLANG_WARN_RANGE_LOOP_ANALYSIS = YES;
				CLANG_WARN_STRICT_PROTOTYPES = YES;
				CLANG_WARN_SUSPICIOUS_MOVE = YES;
				CLANG_WARN_UNGUARDED_AVAILABILITY = YES_AGGRESSIVE;
				CLANG_WARN_UNREACHABLE_CODE = YES;
				CLANG_WARN__DUPLICATE_METHOD_MATCH = YES;
				COPY_PHASE_STRIP = NO;
				DEBUG_INFORMATION_FORMAT = dwarf;
				ENABLE_STRICT_OBJC_MSGSEND = YES;
				ENABLE_TESTABILITY = YES;
				ENABLE_USER_SCRIPT_SANDBOXING = YES;
				GCC_C_LANGUAGE_STANDARD = gnu17;
				GCC_DYNAMIC_NO_PIC = NO;
				GCC_NO_COMMON_BLOCKS = YES;
				GCC_OPTIMIZATION_LEVEL = 0;
				GCC_PREPROCESSOR_DEFINITIONS = (
					"DEBUG=1",
					"$(inherited)",
				);
				GCC_WARN_64_TO_32_BIT_CONVERSION = YES;
				GCC_WARN_ABOUT_RETURN_TYPE = YES_ERROR;
				GCC_WARN_UNDECLARED_SELECTOR = YES;
				GCC_WARN_UNINITIALIZED_AUTOS = YES_AGGRESSIVE;
				GCC_WARN_UNUSED_FUNCTION = YES;
				GCC_WARN_UNUSED_VARIABLE = YES;
				IPHONEOS_DEPLOYMENT_TARGET = 18.1;
				LOCALIZATION_PREFERS_STRING_CATALOGS = YES;
				MTL_ENABLE_DEBUG_INFO = INCLUDE_SOURCE;
				MTL_FAST_MATH = YES;
				ONLY_ACTIVE_ARCH = YES;
				SDKROOT = iphoneos;
				SWIFT_ACTIVE_COMPILATION_CONDITIONS = "DEBUG $(inherited)";
				SWIFT_OPTIMIZATION_LEVEL = "-Onone";
			};
			name = Debug;
		};
		0451B4BC2CF8F10C00B6F948 /* Release */ = {
			isa = XCBuildConfiguration;
			buildSettings = {
				ALWAYS_SEARCH_USER_PATHS = NO;
				ASSETCATALOG_COMPILER_GENERATE_SWIFT_ASSET_SYMBOL_EXTENSIONS = YES;
				CLANG_ANALYZER_NONNULL = YES;
				CLANG_ANALYZER_NUMBER_OBJECT_CONVERSION = YES_AGGRESSIVE;
				CLANG_CXX_LANGUAGE_STANDARD = "gnu++20";
				CLANG_ENABLE_MODULES = YES;
				CLANG_ENABLE_OBJC_ARC = YES;
				CLANG_ENABLE_OBJC_WEAK = YES;
				CLANG_WARN_BLOCK_CAPTURE_AUTORELEASING = YES;
				CLANG_WARN_BOOL_CONVERSION = YES;
				CLANG_WARN_COMMA = YES;
				CLANG_WARN_CONSTANT_CONVERSION = YES;
				CLANG_WARN_DEPRECATED_OBJC_IMPLEMENTATIONS = YES;
				CLANG_WARN_DIRECT_OBJC_ISA_USAGE = YES_ERROR;
				CLANG_WARN_DOCUMENTATION_COMMENTS = YES;
				CLANG_WARN_EMPTY_BODY = YES;
				CLANG_WARN_ENUM_CONVERSION = YES;
				CLANG_WARN_INFINITE_RECURSION = YES;
				CLANG_WARN_INT_CONVERSION = YES;
				CLANG_WARN_NON_LITERAL_NULL_CONVERSION = YES;
				CLANG_WARN_OBJC_IMPLICIT_RETAIN_SELF = YES;
				CLANG_WARN_OBJC_LITERAL_CONVERSION = YES;
				CLANG_WARN_OBJC_ROOT_CLASS = YES_ERROR;
				CLANG_WARN_QUOTED_INCLUDE_IN_FRAMEWORK_HEADER = YES;
				CLANG_WARN_RANGE_LOOP_ANALYSIS = YES;
				CLANG_WARN_STRICT_PROTOTYPES = YES;
				CLANG_WARN_SUSPICIOUS_MOVE = YES;
				CLANG_WARN_UNGUARDED_AVAILABILITY = YES_AGGRESSIVE;
				CLANG_WARN_UNREACHABLE_CODE = YES;
				CLANG_WARN__DUPLICATE_METHOD_MATCH = YES;
				COPY_PHASE_STRIP = NO;
				DEBUG_INFORMATION_FORMAT = "dwarf-with-dsym";
				ENABLE_NS_ASSERTIONS = NO;
				ENABLE_STRICT_OBJC_MSGSEND = YES;
				ENABLE_USER_SCRIPT_SANDBOXING = YES;
				GCC_C_LANGUAGE_STANDARD = gnu17;
				GCC_NO_COMMON_BLOCKS = YES;
				GCC_WARN_64_TO_32_BIT_CONVERSION = YES;
				GCC_WARN_ABOUT_RETURN_TYPE = YES_ERROR;
				GCC_WARN_UNDECLARED_SELECTOR = YES;
				GCC_WARN_UNINITIALIZED_AUTOS = YES_AGGRESSIVE;
				GCC_WARN_UNUSED_FUNCTION = YES;
				GCC_WARN_UNUSED_VARIABLE = YES;
				IPHONEOS_DEPLOYMENT_TARGET = 18.1;
				LOCALIZATION_PREFERS_STRING_CATALOGS = YES;
				MTL_ENABLE_DEBUG_INFO = NO;
				MTL_FAST_MATH = YES;
				SDKROOT = iphoneos;
				SWIFT_COMPILATION_MODE = wholemodule;
				VALIDATE_PRODUCT = YES;
			};
			name = Release;
		};
		0451B4BE2CF8F10C00B6F948 /* Debug */ = {
			isa = XCBuildConfiguration;
			buildSettings = {
				ASSETCATALOG_COMPILER_APPICON_NAME = AppIcon;
				ASSETCATALOG_COMPILER_GLOBAL_ACCENT_COLOR_NAME = AccentColor;
				CODE_SIGN_STYLE = Automatic;
				CURRENT_PROJECT_VERSION = 1;
				DEVELOPMENT_ASSET_PATHS = "\"cshop/Preview Content\"";
				DEVELOPMENT_TEAM = 84UDY3GXNN;
				ENABLE_PREVIEWS = YES;
				GENERATE_INFOPLIST_FILE = YES;
				INFOPLIST_KEY_UIApplicationSceneManifest_Generation = YES;
				INFOPLIST_KEY_UIApplicationSupportsIndirectInputEvents = YES;
				INFOPLIST_KEY_UILaunchScreen_Generation = YES;
				INFOPLIST_KEY_UISupportedInterfaceOrientations_iPad = "UIInterfaceOrientationPortrait UIInterfaceOrientationPortraitUpsideDown UIInterfaceOrientationLandscapeLeft UIInterfaceOrientationLandscapeRight";
				INFOPLIST_KEY_UISupportedInterfaceOrientations_iPhone = "UIInterfaceOrientationPortrait UIInterfaceOrientationLandscapeLeft UIInterfaceOrientationLandscapeRight";
				LD_RUNPATH_SEARCH_PATHS = (
					"$(inherited)",
					"@executable_path/Frameworks",
				);
				MARKETING_VERSION = 1.0;
				PRODUCT_BUNDLE_IDENTIFIER = com.cshop;
				PRODUCT_NAME = "$(TARGET_NAME)";
				SWIFT_EMIT_LOC_STRINGS = YES;
				SWIFT_VERSION = 5.0;
				TARGETED_DEVICE_FAMILY = "1,2";
			};
			name = Debug;
		};
		0451B4BF2CF8F10C00B6F948 /* Release */ = {
			isa = XCBuildConfiguration;
			buildSettings = {
				ASSETCATALOG_COMPILER_APPICON_NAME = AppIcon;
				ASSETCATALOG_COMPILER_GLOBAL_ACCENT_COLOR_NAME = AccentColor;
				CODE_SIGN_STYLE = Automatic;
				CURRENT_PROJECT_VERSION = 1;
				DEVELOPMENT_ASSET_PATHS = "\"cshop/Preview Content\"";
				DEVELOPMENT_TEAM = 84UDY3GXNN;
				ENABLE_PREVIEWS = YES;
				GENERATE_INFOPLIST_FILE = YES;
				INFOPLIST_KEY_UIApplicationSceneManifest_Generation = YES;
				INFOPLIST_KEY_UIApplicationSupportsIndirectInputEvents = YES;
				INFOPLIST_KEY_UILaunchScreen_Generation = YES;
				INFOPLIST_KEY_UISupportedInterfaceOrientations_iPad = "UIInterfaceOrientationPortrait UIInterfaceOrientationPortraitUpsideDown UIInterfaceOrientationLandscapeLeft UIInterfaceOrientationLandscapeRight";
				INFOPLIST_KEY_UISupportedInterfaceOrientations_iPhone = "UIInterfaceOrientationPortrait UIInterfaceOrientationLandscapeLeft UIInterfaceOrientationLandscapeRight";
				LD_RUNPATH_SEARCH_PATHS = (
					"$(inherited)",
					"@executable_path/Frameworks",
				);
				MARKETING_VERSION = 1.0;
				PRODUCT_BUNDLE_IDENTIFIER = com.cshop;
				PRODUCT_NAME = "$(TARGET_NAME)";
				SWIFT_EMIT_LOC_STRINGS = YES;
				SWIFT_VERSION = 5.0;
				TARGETED_DEVICE_FAMILY = "1,2";
			};
			name = Release;
		};
		0451B4C12CF8F10C00B6F948 /* Debug */ = {
			isa = XCBuildConfiguration;
			buildSettings = {
				BUNDLE_LOADER = "$(TEST_HOST)";
				CODE_SIGN_STYLE = Automatic;
				CURRENT_PROJECT_VERSION = 1;
				GENERATE_INFOPLIST_FILE = YES;
				IPHONEOS_DEPLOYMENT_TARGET = 18.1;
				MARKETING_VERSION = 1.0;
				PRODUCT_BUNDLE_IDENTIFIER = com.cshopTests;
				PRODUCT_NAME = "$(TARGET_NAME)";
				SWIFT_EMIT_LOC_STRINGS = NO;
				SWIFT_VERSION = 5.0;
				TARGETED_DEVICE_FAMILY = "1,2";
				TEST_HOST = "$(BUILT_PRODUCTS_DIR)/cshop.app/$(BUNDLE_EXECUTABLE_FOLDER_PATH)/cshop";
			};
			name = Debug;
		};
		0451B4C22CF8F10C00B6F948 /* Release */ = {
			isa = XCBuildConfiguration;
			buildSettings = {
				BUNDLE_LOADER = "$(TEST_HOST)";
				CODE_SIGN_STYLE = Automatic;
				CURRENT_PROJECT_VERSION = 1;
				GENERATE_INFOPLIST_FILE = YES;
				IPHONEOS_DEPLOYMENT_TARGET = 18.1;
				MARKETING_VERSION = 1.0;
				PRODUCT_BUNDLE_IDENTIFIER = com.cshopTests;
				PRODUCT_NAME = "$(TARGET_NAME)";
				SWIFT_EMIT_LOC_STRINGS = NO;
				SWIFT_VERSION = 5.0;
				TARGETED_DEVICE_FAMILY = "1,2";
				TEST_HOST = "$(BUILT_PRODUCTS_DIR)/cshop.app/$(BUNDLE_EXECUTABLE_FOLDER_PATH)/cshop";
			};
			name = Release;
		};
		0451B4C42CF8F10C00B6F948 /* Debug */ = {
			isa = XCBuildConfiguration;
			buildSettings = {
				CODE_SIGN_STYLE = Automatic;
				CURRENT_PROJECT_VERSION = 1;
				GENERATE_INFOPLIST_FILE = YES;
				MARKETING_VERSION = 1.0;
				PRODUCT_BUNDLE_IDENTIFIER = com.cshopUITests;
				PRODUCT_NAME = "$(TARGET_NAME)";
				SWIFT_EMIT_LOC_STRINGS = NO;
				SWIFT_VERSION = 5.0;
				TARGETED_DEVICE_FAMILY = "1,2";
				TEST_TARGET_NAME = cshop;
			};
			name = Debug;
		};
		0451B4C52CF8F10C00B6F948 /* Release */ = {
			isa = XCBuildConfiguration;
			buildSettings = {
				CODE_SIGN_STYLE = Automatic;
				CURRENT_PROJECT_VERSION = 1;
				GENERATE_INFOPLIST_FILE = YES;
				MARKETING_VERSION = 1.0;
				PRODUCT_BUNDLE_IDENTIFIER = com.cshopUITests;
				PRODUCT_NAME = "$(TARGET_NAME)";
				SWIFT_EMIT_LOC_STRINGS = NO;
				SWIFT_VERSION = 5.0;
				TARGETED_DEVICE_FAMILY = "1,2";
				TEST_TARGET_NAME = cshop;
			};
			name = Release;
		};
/* End XCBuildConfiguration section */

/* Begin XCConfigurationList section */
		0451B4942CF8F10B00B6F948 /* Build configuration list for PBXProject "cshop" */ = {
			isa = XCConfigurationList;
			buildConfigurations = (
				0451B4BB2CF8F10C00B6F948 /* Debug */,
				0451B4BC2CF8F10C00B6F948 /* Release */,
			);
			defaultConfigurationIsVisible = 0;
			defaultConfigurationName = Release;
		};
		0451B4BD2CF8F10C00B6F948 /* Build configuration list for PBXNativeTarget "cshop" */ = {
			isa = XCConfigurationList;
			buildConfigurations = (
				0451B4BE2CF8F10C00B6F948 /* Debug */,
				0451B4BF2CF8F10C00B6F948 /* Release */,
			);
			defaultConfigurationIsVisible = 0;
			defaultConfigurationName = Release;
		};
		0451B4C02CF8F10C00B6F948 /* Build configuration list for PBXNativeTarget "cshopTests" */ = {
			isa = XCConfigurationList;
			buildConfigurations = (
				0451B4C12CF8F10C00B6F948 /* Debug */,
				0451B4C22CF8F10C00B6F948 /* Release */,
			);
			defaultConfigurationIsVisible = 0;
			defaultConfigurationName = Release;
		};
		0451B4C32CF8F10C00B6F948 /* Build configuration list for PBXNativeTarget "cshopUITests" */ = {
			isa = XCConfigurationList;
			buildConfigurations = (
				0451B4C42CF8F10C00B6F948 /* Debug */,
				0451B4C52CF8F10C00B6F948 /* Release */,
			);
			defaultConfigurationIsVisible = 0;
			defaultConfigurationName = Release;
		};
/* End XCConfigurationList section */

/* Begin XCRemoteSwiftPackageReference section */
		04F81B4D2D29BFFE00D89A8A /* XCRemoteSwiftPackageReference "firebase-ios-sdk" */ = {
			isa = XCRemoteSwiftPackageReference;
			repositoryURL = "https://github.com/firebase/firebase-ios-sdk";
			requirement = {
				kind = upToNextMajorVersion;
				minimumVersion = 11.6.0;
			};
		};
/* End XCRemoteSwiftPackageReference section */

/* Begin XCSwiftPackageProductDependency section */
		04F81B4E2D29BFFE00D89A8A /* FirebaseAnalytics */ = {
			isa = XCSwiftPackageProductDependency;
			package = 04F81B4D2D29BFFE00D89A8A /* XCRemoteSwiftPackageReference "firebase-ios-sdk" */;
			productName = FirebaseAnalytics;
		};
		04F81B512D29CBCC00D89A8A /* FirebaseAuth */ = {
			isa = XCSwiftPackageProductDependency;
			package = 04F81B4D2D29BFFE00D89A8A /* XCRemoteSwiftPackageReference "firebase-ios-sdk" */;
			productName = FirebaseAuth;
		};
/* End XCSwiftPackageProductDependency section */
	};
	rootObject = 0451B4912CF8F10B00B6F948 /* Project object */;
}
